
Microsoft Visual Studio Solution File, Format Version 12.00
# Visual Studio 15
VisualStudioVersion = 15.0.27004.2008
MinimumVisualStudioVersion = 10.0.40219.1
Project("{FAE04EC0-301F-11D3-BF4B-00C04F79EFBC}") = "Amigo_SecretoUI", "Amigo_Secreto\Amigo_SecretoUI.csproj", "{3ADAABEC-0D9F-4DAC-997E-701FCE3757BC}"
	ProjectSection(ProjectDependencies) = postProject
		{89710C56-1497-40DF-803B-136C879DD104} = {89710C56-1497-40DF-803B-136C879DD104}
		{C9C77BF6-8947-41B9-93D8-5F85CDCAA8FA} = {C9C77BF6-8947-41B9-93D8-5F85CDCAA8FA}
	EndProjectSection
EndProject
Project("{FAE04EC0-301F-11D3-BF4B-00C04F79EFBC}") = "Amigo_Secreto.Entidades", "Amigo_Secreto.Entidades\Amigo_Secreto.Entidades.csproj", "{89710C56-1497-40DF-803B-136C879DD104}"
EndProject
Project("{FAE04EC0-301F-11D3-BF4B-00C04F79EFBC}") = "Amigo_Secreto.Datos", "Amigo_Secreto.Datos\Amigo_Secreto.Datos.csproj", "{A2B2FB5C-93C5-48FF-ADD5-D19B32D01C6B}"
	ProjectSection(ProjectDependencies) = postProject
		{89710C56-1497-40DF-803B-136C879DD104} = {89710C56-1497-40DF-803B-136C879DD104}
	EndProjectSection
EndProject
Project("{FAE04EC0-301F-11D3-BF4B-00C04F79EFBC}") = "Amigo_Secreto.Logica", "Amigo_Secreto.Logica\Amigo_Secreto.Logica.csproj", "{C9C77BF6-8947-41B9-93D8-5F85CDCAA8FA}"
	ProjectSection(ProjectDependencies) = postProject
		{89710C56-1497-40DF-803B-136C879DD104} = {89710C56-1497-40DF-803B-136C879DD104}
		{A2B2FB5C-93C5-48FF-ADD5-D19B32D01C6B} = {A2B2FB5C-93C5-48FF-ADD5-D19B32D01C6B}
	EndProjectSection
EndProject
Global
	GlobalSection(SolutionConfigurationPlatforms) = preSolution
		Debug|Any CPU = Debug|Any CPU
		Release|Any CPU = Release|Any CPU
	EndGlobalSection
	GlobalSection(ProjectConfigurationPlatforms) = postSolution
		{3ADAABEC-0D9F-4DAC-997E-701FCE3757BC}.Debug|Any CPU.ActiveCfg = Debug|Any CPU
		{3ADAABEC-0D9F-4DAC-997E-701FCE3757BC}.Debug|Any CPU.Build.0 = Debug|Any CPU
		{3ADAABEC-0D9F-4DAC-997E-701FCE3757BC}.Release|Any CPU.ActiveCfg = Release|Any CPU
		{3ADAABEC-0D9F-4DAC-997E-701FCE3757BC}.Release|Any CPU.Build.0 = Release|Any CPU
		{89710C56-1497-40DF-803B-136C879DD104}.Debug|Any CPU.ActiveCfg = Debug|Any CPU
		{89710C56-1497-40DF-803B-136C879DD104}.Debug|Any CPU.Build.0 = Debug|Any CPU
		{89710C56-1497-40DF-803B-136C879DD104}.Release|Any CPU.ActiveCfg = Release|Any CPU
		{89710C56-1497-40DF-803B-136C879DD104}.Release|Any CPU.Build.0 = Release|Any CPU
		{A2B2FB5C-93C5-48FF-ADD5-D19B32D01C6B}.Debug|Any CPU.ActiveCfg = Debug|Any CPU
		{A2B2FB5C-93C5-48FF-ADD5-D19B32D01C6B}.Debug|Any CPU.Build.0 = Debug|Any CPU
		{A2B2FB5C-93C5-48FF-ADD5-D19B32D01C6B}.Release|Any CPU.ActiveCfg = Release|Any CPU
		{A2B2FB5C-93C5-48FF-ADD5-D19B32D01C6B}.Release|Any CPU.Build.0 = Release|Any CPU
		{C9C77BF6-8947-41B9-93D8-5F85CDCAA8FA}.Debug|Any CPU.ActiveCfg = Debug|Any CPU
		{C9C77BF6-8947-41B9-93D8-5F85CDCAA8FA}.Debug|Any CPU.Build.0 = Debug|Any CPU
		{C9C77BF6-8947-41B9-93D8-5F85CDCAA8FA}.Release|Any CPU.ActiveCfg = Release|Any CPU
		{C9C77BF6-8947-41B9-93D8-5F85CDCAA8FA}.Release|Any CPU.Build.0 = Release|Any CPU
	EndGlobalSection
	GlobalSection(SolutionProperties) = preSolution
		HideSolutionNode = FALSE
	EndGlobalSection
	GlobalSection(ExtensibilityGlobals) = postSolution
		SolutionGuid = {84C44D11-1DCC-42DC-9DF3-FE852B937084}
	EndGlobalSection
EndGlobal
